// !$*UTF8*$!
{
	archiveVersion = 1;
	classes = {
	};
	objectVersion = 56;
	objects = {

/* Begin PBXBuildFile section */
		0FCF39BCF5CFAADEE61FC379 /* Pods_MovieAppSwiftUI_MovieAppSwiftUIUITests.framework in Frameworks */ = {isa = PBXBuildFile; fileRef = 5A8851C2B7501BA2B1430C05 /* Pods_MovieAppSwiftUI_MovieAppSwiftUIUITests.framework */; };
		1ACB800994B74CC7E6B3E26C /* Pods_MovieAppSwiftUITests.framework in Frameworks */ = {isa = PBXBuildFile; fileRef = 780EBDA076FD8742086F084D /* Pods_MovieAppSwiftUITests.framework */; };
		83EEADF9E4D077F77364B985 /* Pods_MovieAppSwiftUI.framework in Frameworks */ = {isa = PBXBuildFile; fileRef = C302A34C8739B7670699EB0A /* Pods_MovieAppSwiftUI.framework */; };
		9D0FC6FB290731560024C9D6 /* MovieAppSwiftUIApp.swift in Sources */ = {isa = PBXBuildFile; fileRef = 9D0FC6FA290731560024C9D6 /* MovieAppSwiftUIApp.swift */; };
		9D0FC6FD290731560024C9D6 /* MovieView.swift in Sources */ = {isa = PBXBuildFile; fileRef = 9D0FC6FC290731560024C9D6 /* MovieView.swift */; };
		9D0FC6FF290731570024C9D6 /* Assets.xcassets in Resources */ = {isa = PBXBuildFile; fileRef = 9D0FC6FE290731570024C9D6 /* Assets.xcassets */; };
		9D0FC702290731570024C9D6 /* Preview Assets.xcassets in Resources */ = {isa = PBXBuildFile; fileRef = 9D0FC701290731570024C9D6 /* Preview Assets.xcassets */; };
		9D0FC70C290731570024C9D6 /* MovieAppSwiftUITests.swift in Sources */ = {isa = PBXBuildFile; fileRef = 9D0FC70B290731570024C9D6 /* MovieAppSwiftUITests.swift */; };
		9D0FC716290731570024C9D6 /* MovieAppSwiftUIUITests.swift in Sources */ = {isa = PBXBuildFile; fileRef = 9D0FC715290731570024C9D6 /* MovieAppSwiftUIUITests.swift */; };
		9D0FC718290731570024C9D6 /* MovieAppSwiftUIUITestsLaunchTests.swift in Sources */ = {isa = PBXBuildFile; fileRef = 9D0FC717290731570024C9D6 /* MovieAppSwiftUIUITestsLaunchTests.swift */; };
		9D24C950290AA3550094EAAB /* Constants.swift in Sources */ = {isa = PBXBuildFile; fileRef = 9D24C94F290AA3550094EAAB /* Constants.swift */; };
		9D24C952290AB5EB0094EAAB /* MovieCardView.swift in Sources */ = {isa = PBXBuildFile; fileRef = 9D24C951290AB5EB0094EAAB /* MovieCardView.swift */; };
		9D24C954290ACBCB0094EAAB /* MovieDetailsView.swift in Sources */ = {isa = PBXBuildFile; fileRef = 9D24C953290ACBCB0094EAAB /* MovieDetailsView.swift */; };
		9D8D211D29081C370073E573 /* MovieAPI.swift in Sources */ = {isa = PBXBuildFile; fileRef = 9D8D211C29081C370073E573 /* MovieAPI.swift */; };
		9D8D2120290824820073E573 /* MovieViewModel.swift in Sources */ = {isa = PBXBuildFile; fileRef = 9D8D211F290824820073E573 /* MovieViewModel.swift */; };
		9D8D2123290825310073E573 /* Movie.swift in Sources */ = {isa = PBXBuildFile; fileRef = 9D8D2122290825310073E573 /* Movie.swift */; };
		9D8D2125290825390073E573 /* DataError.swift in Sources */ = {isa = PBXBuildFile; fileRef = 9D8D2124290825390073E573 /* DataError.swift */; };
		9DA60DB5290EA9DF00BCE740 /* MovieRating.swift in Sources */ = {isa = PBXBuildFile; fileRef = 9DA60DB4290EA9DF00BCE740 /* MovieRating.swift */; };
/* End PBXBuildFile section */

/* Begin PBXContainerItemProxy section */
		9D0FC708290731570024C9D6 /* PBXContainerItemProxy */ = {
			isa = PBXContainerItemProxy;
			containerPortal = 9D0FC6EF290731560024C9D6 /* Project object */;
			proxyType = 1;
			remoteGlobalIDString = 9D0FC6F6290731560024C9D6;
			remoteInfo = MovieAppSwiftUI;
		};
		9D0FC712290731570024C9D6 /* PBXContainerItemProxy */ = {
			isa = PBXContainerItemProxy;
			containerPortal = 9D0FC6EF290731560024C9D6 /* Project object */;
			proxyType = 1;
			remoteGlobalIDString = 9D0FC6F6290731560024C9D6;
			remoteInfo = MovieAppSwiftUI;
		};
/* End PBXContainerItemProxy section */

/* Begin PBXFileReference section */
		01C4B08DDF126A464E7CCC7D /* Pods-MovieAppSwiftUI.release.xcconfig */ = {isa = PBXFileReference; includeInIndex = 1; lastKnownFileType = text.xcconfig; name = "Pods-MovieAppSwiftUI.release.xcconfig"; path = "Target Support Files/Pods-MovieAppSwiftUI/Pods-MovieAppSwiftUI.release.xcconfig"; sourceTree = "<group>"; };
		30CA04B0E244744E6F51CED2 /* Pods-MovieAppSwiftUI-MovieAppSwiftUIUITests.release.xcconfig */ = {isa = PBXFileReference; includeInIndex = 1; lastKnownFileType = text.xcconfig; name = "Pods-MovieAppSwiftUI-MovieAppSwiftUIUITests.release.xcconfig"; path = "Target Support Files/Pods-MovieAppSwiftUI-MovieAppSwiftUIUITests/Pods-MovieAppSwiftUI-MovieAppSwiftUIUITests.release.xcconfig"; sourceTree = "<group>"; };
		5A8851C2B7501BA2B1430C05 /* Pods_MovieAppSwiftUI_MovieAppSwiftUIUITests.framework */ = {isa = PBXFileReference; explicitFileType = wrapper.framework; includeInIndex = 0; path = Pods_MovieAppSwiftUI_MovieAppSwiftUIUITests.framework; sourceTree = BUILT_PRODUCTS_DIR; };
		780EBDA076FD8742086F084D /* Pods_MovieAppSwiftUITests.framework */ = {isa = PBXFileReference; explicitFileType = wrapper.framework; includeInIndex = 0; path = Pods_MovieAppSwiftUITests.framework; sourceTree = BUILT_PRODUCTS_DIR; };
		9D0FC6F7290731560024C9D6 /* MovieAppSwiftUI.app */ = {isa = PBXFileReference; explicitFileType = wrapper.application; includeInIndex = 0; path = MovieAppSwiftUI.app; sourceTree = BUILT_PRODUCTS_DIR; };
		9D0FC6FA290731560024C9D6 /* MovieAppSwiftUIApp.swift */ = {isa = PBXFileReference; lastKnownFileType = sourcecode.swift; path = MovieAppSwiftUIApp.swift; sourceTree = "<group>"; };
		9D0FC6FC290731560024C9D6 /* MovieView.swift */ = {isa = PBXFileReference; lastKnownFileType = sourcecode.swift; path = MovieView.swift; sourceTree = "<group>"; };
		9D0FC6FE290731570024C9D6 /* Assets.xcassets */ = {isa = PBXFileReference; lastKnownFileType = folder.assetcatalog; path = Assets.xcassets; sourceTree = "<group>"; };
		9D0FC701290731570024C9D6 /* Preview Assets.xcassets */ = {isa = PBXFileReference; lastKnownFileType = folder.assetcatalog; path = "Preview Assets.xcassets"; sourceTree = "<group>"; };
		9D0FC707290731570024C9D6 /* MovieAppSwiftUITests.xctest */ = {isa = PBXFileReference; explicitFileType = wrapper.cfbundle; includeInIndex = 0; path = MovieAppSwiftUITests.xctest; sourceTree = BUILT_PRODUCTS_DIR; };
		9D0FC70B290731570024C9D6 /* MovieAppSwiftUITests.swift */ = {isa = PBXFileReference; lastKnownFileType = sourcecode.swift; path = MovieAppSwiftUITests.swift; sourceTree = "<group>"; };
		9D0FC711290731570024C9D6 /* MovieAppSwiftUIUITests.xctest */ = {isa = PBXFileReference; explicitFileType = wrapper.cfbundle; includeInIndex = 0; path = MovieAppSwiftUIUITests.xctest; sourceTree = BUILT_PRODUCTS_DIR; };
		9D0FC715290731570024C9D6 /* MovieAppSwiftUIUITests.swift */ = {isa = PBXFileReference; lastKnownFileType = sourcecode.swift; path = MovieAppSwiftUIUITests.swift; sourceTree = "<group>"; };
		9D0FC717290731570024C9D6 /* MovieAppSwiftUIUITestsLaunchTests.swift */ = {isa = PBXFileReference; lastKnownFileType = sourcecode.swift; path = MovieAppSwiftUIUITestsLaunchTests.swift; sourceTree = "<group>"; };
		9D24C94F290AA3550094EAAB /* Constants.swift */ = {isa = PBXFileReference; lastKnownFileType = sourcecode.swift; path = Constants.swift; sourceTree = "<group>"; };
		9D24C951290AB5EB0094EAAB /* MovieCardView.swift */ = {isa = PBXFileReference; lastKnownFileType = sourcecode.swift; path = MovieCardView.swift; sourceTree = "<group>"; };
		9D24C953290ACBCB0094EAAB /* MovieDetailsView.swift */ = {isa = PBXFileReference; lastKnownFileType = sourcecode.swift; path = MovieDetailsView.swift; sourceTree = "<group>"; };
		9D8D211C29081C370073E573 /* MovieAPI.swift */ = {isa = PBXFileReference; lastKnownFileType = sourcecode.swift; path = MovieAPI.swift; sourceTree = "<group>"; };
		9D8D211F290824820073E573 /* MovieViewModel.swift */ = {isa = PBXFileReference; lastKnownFileType = sourcecode.swift; path = MovieViewModel.swift; sourceTree = "<group>"; };
		9D8D2122290825310073E573 /* Movie.swift */ = {isa = PBXFileReference; lastKnownFileType = sourcecode.swift; path = Movie.swift; sourceTree = "<group>"; };
		9D8D2124290825390073E573 /* DataError.swift */ = {isa = PBXFileReference; lastKnownFileType = sourcecode.swift; path = DataError.swift; sourceTree = "<group>"; };
		9DA60DB4290EA9DF00BCE740 /* MovieRating.swift */ = {isa = PBXFileReference; lastKnownFileType = sourcecode.swift; path = MovieRating.swift; sourceTree = "<group>"; };
		C302A34C8739B7670699EB0A /* Pods_MovieAppSwiftUI.framework */ = {isa = PBXFileReference; explicitFileType = wrapper.framework; includeInIndex = 0; path = Pods_MovieAppSwiftUI.framework; sourceTree = BUILT_PRODUCTS_DIR; };
		D854A2C27A86BBC121A2BF9A /* Pods-MovieAppSwiftUITests.debug.xcconfig */ = {isa = PBXFileReference; includeInIndex = 1; lastKnownFileType = text.xcconfig; name = "Pods-MovieAppSwiftUITests.debug.xcconfig"; path = "Target Support Files/Pods-MovieAppSwiftUITests/Pods-MovieAppSwiftUITests.debug.xcconfig"; sourceTree = "<group>"; };
		EDA2479F2C852F4F372D7D71 /* Pods-MovieAppSwiftUI-MovieAppSwiftUIUITests.debug.xcconfig */ = {isa = PBXFileReference; includeInIndex = 1; lastKnownFileType = text.xcconfig; name = "Pods-MovieAppSwiftUI-MovieAppSwiftUIUITests.debug.xcconfig"; path = "Target Support Files/Pods-MovieAppSwiftUI-MovieAppSwiftUIUITests/Pods-MovieAppSwiftUI-MovieAppSwiftUIUITests.debug.xcconfig"; sourceTree = "<group>"; };
		F1174194398B7B7DAC796822 /* Pods-MovieAppSwiftUI.debug.xcconfig */ = {isa = PBXFileReference; includeInIndex = 1; lastKnownFileType = text.xcconfig; name = "Pods-MovieAppSwiftUI.debug.xcconfig"; path = "Target Support Files/Pods-MovieAppSwiftUI/Pods-MovieAppSwiftUI.debug.xcconfig"; sourceTree = "<group>"; };
		FE5C0393B00B79F619C23E25 /* Pods-MovieAppSwiftUITests.release.xcconfig */ = {isa = PBXFileReference; includeInIndex = 1; lastKnownFileType = text.xcconfig; name = "Pods-MovieAppSwiftUITests.release.xcconfig"; path = "Target Support Files/Pods-MovieAppSwiftUITests/Pods-MovieAppSwiftUITests.release.xcconfig"; sourceTree = "<group>"; };
/* End PBXFileReference section */

/* Begin PBXFrameworksBuildPhase section */
		9D0FC6F4290731560024C9D6 /* Frameworks */ = {
			isa = PBXFrameworksBuildPhase;
			buildActionMask = 2147483647;
			files = (
				83EEADF9E4D077F77364B985 /* Pods_MovieAppSwiftUI.framework in Frameworks */,
			);
			runOnlyForDeploymentPostprocessing = 0;
		};
		9D0FC704290731570024C9D6 /* Frameworks */ = {
			isa = PBXFrameworksBuildPhase;
			buildActionMask = 2147483647;
			files = (
				1ACB800994B74CC7E6B3E26C /* Pods_MovieAppSwiftUITests.framework in Frameworks */,
			);
			runOnlyForDeploymentPostprocessing = 0;
		};
		9D0FC70E290731570024C9D6 /* Frameworks */ = {
			isa = PBXFrameworksBuildPhase;
			buildActionMask = 2147483647;
			files = (
				0FCF39BCF5CFAADEE61FC379 /* Pods_MovieAppSwiftUI_MovieAppSwiftUIUITests.framework in Frameworks */,
			);
			runOnlyForDeploymentPostprocessing = 0;
		};
/* End PBXFrameworksBuildPhase section */

/* Begin PBXGroup section */
		1F3C72D96AD22D295D4B2642 /* Pods */ = {
			isa = PBXGroup;
			children = (
				F1174194398B7B7DAC796822 /* Pods-MovieAppSwiftUI.debug.xcconfig */,
				01C4B08DDF126A464E7CCC7D /* Pods-MovieAppSwiftUI.release.xcconfig */,
				EDA2479F2C852F4F372D7D71 /* Pods-MovieAppSwiftUI-MovieAppSwiftUIUITests.debug.xcconfig */,
				30CA04B0E244744E6F51CED2 /* Pods-MovieAppSwiftUI-MovieAppSwiftUIUITests.release.xcconfig */,
				D854A2C27A86BBC121A2BF9A /* Pods-MovieAppSwiftUITests.debug.xcconfig */,
				FE5C0393B00B79F619C23E25 /* Pods-MovieAppSwiftUITests.release.xcconfig */,
			);
			path = Pods;
			sourceTree = "<group>";
		};
		9D0FC6EE290731560024C9D6 = {
			isa = PBXGroup;
			children = (
				9D0FC6F9290731560024C9D6 /* MovieAppSwiftUI */,
				9D0FC70A290731570024C9D6 /* MovieAppSwiftUITests */,
				9D0FC714290731570024C9D6 /* MovieAppSwiftUIUITests */,
				9D0FC6F8290731560024C9D6 /* Products */,
				1F3C72D96AD22D295D4B2642 /* Pods */,
				A835502CF37FD20098FB8132 /* Frameworks */,
			);
			sourceTree = "<group>";
		};
		9D0FC6F8290731560024C9D6 /* Products */ = {
			isa = PBXGroup;
			children = (
				9D0FC6F7290731560024C9D6 /* MovieAppSwiftUI.app */,
				9D0FC707290731570024C9D6 /* MovieAppSwiftUITests.xctest */,
				9D0FC711290731570024C9D6 /* MovieAppSwiftUIUITests.xctest */,
			);
			name = Products;
			sourceTree = "<group>";
		};
		9D0FC6F9290731560024C9D6 /* MovieAppSwiftUI */ = {
			isa = PBXGroup;
			children = (
				9D8D211829081BCF0073E573 /* Data */,
				9D8D211929081BD30073E573 /* UI */,
				9D24C94E290AA3390094EAAB /* Utility */,
				9D0FC6FA290731560024C9D6 /* MovieAppSwiftUIApp.swift */,
				9D0FC6FE290731570024C9D6 /* Assets.xcassets */,
				9D0FC700290731570024C9D6 /* Preview Content */,
			);
			path = MovieAppSwiftUI;
			sourceTree = "<group>";
		};
		9D0FC700290731570024C9D6 /* Preview Content */ = {
			isa = PBXGroup;
			children = (
				9D0FC701290731570024C9D6 /* Preview Assets.xcassets */,
			);
			path = "Preview Content";
			sourceTree = "<group>";
		};
		9D0FC70A290731570024C9D6 /* MovieAppSwiftUITests */ = {
			isa = PBXGroup;
			children = (
				9D0FC70B290731570024C9D6 /* MovieAppSwiftUITests.swift */,
			);
			path = MovieAppSwiftUITests;
			sourceTree = "<group>";
		};
		9D0FC714290731570024C9D6 /* MovieAppSwiftUIUITests */ = {
			isa = PBXGroup;
			children = (
				9D0FC715290731570024C9D6 /* MovieAppSwiftUIUITests.swift */,
				9D0FC717290731570024C9D6 /* MovieAppSwiftUIUITestsLaunchTests.swift */,
			);
			path = MovieAppSwiftUIUITests;
			sourceTree = "<group>";
		};
		9D24C94E290AA3390094EAAB /* Utility */ = {
			isa = PBXGroup;
			children = (
				9D24C94F290AA3550094EAAB /* Constants.swift */,
			);
			path = Utility;
			sourceTree = "<group>";
		};
		9D8D211829081BCF0073E573 /* Data */ = {
			isa = PBXGroup;
			children = (
				9D8D2121290825260073E573 /* Model */,
				9D8D211B29081C280073E573 /* Network */,
			);
			path = Data;
			sourceTree = "<group>";
		};
		9D8D211929081BD30073E573 /* UI */ = {
			isa = PBXGroup;
			children = (
				9D8D21262908256D0073E573 /* Model */,
				9D8D211E2908245B0073E573 /* ViewModel */,
				9D8D211A29081BE00073E573 /* View */,
			);
			path = UI;
			sourceTree = "<group>";
		};
		9D8D211A29081BE00073E573 /* View */ = {
			isa = PBXGroup;
			children = (
				9D0FC6FC290731560024C9D6 /* MovieView.swift */,
				9D24C951290AB5EB0094EAAB /* MovieCardView.swift */,
				9D24C953290ACBCB0094EAAB /* MovieDetailsView.swift */,
			);
			path = View;
			sourceTree = "<group>";
		};
		9D8D211B29081C280073E573 /* Network */ = {
			isa = PBXGroup;
			children = (
				9D8D211C29081C370073E573 /* MovieAPI.swift */,
			);
			path = Network;
			sourceTree = "<group>";
		};
		9D8D211E2908245B0073E573 /* ViewModel */ = {
			isa = PBXGroup;
			children = (
				9D8D211F290824820073E573 /* MovieViewModel.swift */,
			);
			path = ViewModel;
			sourceTree = "<group>";
		};
		9D8D2121290825260073E573 /* Model */ = {
			isa = PBXGroup;
			children = (
				9D8D2122290825310073E573 /* Movie.swift */,
				9D8D2124290825390073E573 /* DataError.swift */,
				9DA60DB4290EA9DF00BCE740 /* MovieRating.swift */,
			);
			path = Model;
			sourceTree = "<group>";
		};
		9D8D21262908256D0073E573 /* Model */ = {
			isa = PBXGroup;
			children = (
			);
			path = Model;
			sourceTree = "<group>";
		};
		A835502CF37FD20098FB8132 /* Frameworks */ = {
			isa = PBXGroup;
			children = (
				C302A34C8739B7670699EB0A /* Pods_MovieAppSwiftUI.framework */,
				5A8851C2B7501BA2B1430C05 /* Pods_MovieAppSwiftUI_MovieAppSwiftUIUITests.framework */,
				780EBDA076FD8742086F084D /* Pods_MovieAppSwiftUITests.framework */,
			);
			name = Frameworks;
			sourceTree = "<group>";
		};
/* End PBXGroup section */

/* Begin PBXNativeTarget section */
		9D0FC6F6290731560024C9D6 /* MovieAppSwiftUI */ = {
			isa = PBXNativeTarget;
			buildConfigurationList = 9D0FC71B290731570024C9D6 /* Build configuration list for PBXNativeTarget "MovieAppSwiftUI" */;
			buildPhases = (
				F781F24BA51A413EEFFD897A /* [CP] Check Pods Manifest.lock */,
				9D0FC6F3290731560024C9D6 /* Sources */,
				9D0FC6F4290731560024C9D6 /* Frameworks */,
				9D0FC6F5290731560024C9D6 /* Resources */,
				C5A15AA4CD3856F3ED7D3583 /* [CP] Embed Pods Frameworks */,
			);
			buildRules = (
			);
			dependencies = (
			);
			name = MovieAppSwiftUI;
			productName = MovieAppSwiftUI;
			productReference = 9D0FC6F7290731560024C9D6 /* MovieAppSwiftUI.app */;
			productType = "com.apple.product-type.application";
		};
		9D0FC706290731570024C9D6 /* MovieAppSwiftUITests */ = {
			isa = PBXNativeTarget;
			buildConfigurationList = 9D0FC71E290731570024C9D6 /* Build configuration list for PBXNativeTarget "MovieAppSwiftUITests" */;
			buildPhases = (
				38EB9994203607ABF543B2C1 /* [CP] Check Pods Manifest.lock */,
				9D0FC703290731570024C9D6 /* Sources */,
				9D0FC704290731570024C9D6 /* Frameworks */,
				9D0FC705290731570024C9D6 /* Resources */,
			);
			buildRules = (
			);
			dependencies = (
				9D0FC709290731570024C9D6 /* PBXTargetDependency */,
			);
			name = MovieAppSwiftUITests;
			productName = MovieAppSwiftUITests;
			productReference = 9D0FC707290731570024C9D6 /* MovieAppSwiftUITests.xctest */;
			productType = "com.apple.product-type.bundle.unit-test";
		};
		9D0FC710290731570024C9D6 /* MovieAppSwiftUIUITests */ = {
			isa = PBXNativeTarget;
			buildConfigurationList = 9D0FC721290731570024C9D6 /* Build configuration list for PBXNativeTarget "MovieAppSwiftUIUITests" */;
			buildPhases = (
				F50D6AFB51C92BAFCFB25C50 /* [CP] Check Pods Manifest.lock */,
				9D0FC70D290731570024C9D6 /* Sources */,
				9D0FC70E290731570024C9D6 /* Frameworks */,
				9D0FC70F290731570024C9D6 /* Resources */,
				E9F0DE423090188428C9433F /* [CP] Embed Pods Frameworks */,
			);
			buildRules = (
			);
			dependencies = (
				9D0FC713290731570024C9D6 /* PBXTargetDependency */,
			);
			name = MovieAppSwiftUIUITests;
			productName = MovieAppSwiftUIUITests;
			productReference = 9D0FC711290731570024C9D6 /* MovieAppSwiftUIUITests.xctest */;
			productType = "com.apple.product-type.bundle.ui-testing";
		};
/* End PBXNativeTarget section */

/* Begin PBXProject section */
		9D0FC6EF290731560024C9D6 /* Project object */ = {
			isa = PBXProject;
			attributes = {
				BuildIndependentTargetsInParallel = 1;
				LastSwiftUpdateCheck = 1400;
				LastUpgradeCheck = 1400;
				TargetAttributes = {
					9D0FC6F6290731560024C9D6 = {
						CreatedOnToolsVersion = 14.0.1;
					};
					9D0FC706290731570024C9D6 = {
						CreatedOnToolsVersion = 14.0.1;
						TestTargetID = 9D0FC6F6290731560024C9D6;
					};
					9D0FC710290731570024C9D6 = {
						CreatedOnToolsVersion = 14.0.1;
						TestTargetID = 9D0FC6F6290731560024C9D6;
					};
				};
			};
			buildConfigurationList = 9D0FC6F2290731560024C9D6 /* Build configuration list for PBXProject "MovieAppSwiftUI" */;
			compatibilityVersion = "Xcode 14.0";
			developmentRegion = en;
			hasScannedForEncodings = 0;
			knownRegions = (
				en,
				Base,
			);
			mainGroup = 9D0FC6EE290731560024C9D6;
			productRefGroup = 9D0FC6F8290731560024C9D6 /* Products */;
			projectDirPath = "";
			projectRoot = "";
			targets = (
				9D0FC6F6290731560024C9D6 /* MovieAppSwiftUI */,
				9D0FC706290731570024C9D6 /* MovieAppSwiftUITests */,
				9D0FC710290731570024C9D6 /* MovieAppSwiftUIUITests */,
			);
		};
/* End PBXProject section */

/* Begin PBXResourcesBuildPhase section */
		9D0FC6F5290731560024C9D6 /* Resources */ = {
			isa = PBXResourcesBuildPhase;
			buildActionMask = 2147483647;
			files = (
				9D0FC702290731570024C9D6 /* Preview Assets.xcassets in Resources */,
				9D0FC6FF290731570024C9D6 /* Assets.xcassets in Resources */,
			);
			runOnlyForDeploymentPostprocessing = 0;
		};
		9D0FC705290731570024C9D6 /* Resources */ = {
			isa = PBXResourcesBuildPhase;
			buildActionMask = 2147483647;
			files = (
			);
			runOnlyForDeploymentPostprocessing = 0;
		};
		9D0FC70F290731570024C9D6 /* Resources */ = {
			isa = PBXResourcesBuildPhase;
			buildActionMask = 2147483647;
			files = (
			);
			runOnlyForDeploymentPostprocessing = 0;
		};
/* End PBXResourcesBuildPhase section */

/* Begin PBXShellScriptBuildPhase section */
		38EB9994203607ABF543B2C1 /* [CP] Check Pods Manifest.lock */ = {
			isa = PBXShellScriptBuildPhase;
			buildActionMask = 2147483647;
			files = (
			);
			inputFileListPaths = (
			);
			inputPaths = (
				"${PODS_PODFILE_DIR_PATH}/Podfile.lock",
				"${PODS_ROOT}/Manifest.lock",
			);
			name = "[CP] Check Pods Manifest.lock";
			outputFileListPaths = (
			);
			outputPaths = (
				"$(DERIVED_FILE_DIR)/Pods-MovieAppSwiftUITests-checkManifestLockResult.txt",
			);
			runOnlyForDeploymentPostprocessing = 0;
			shellPath = /bin/sh;
			shellScript = "diff \"${PODS_PODFILE_DIR_PATH}/Podfile.lock\" \"${PODS_ROOT}/Manifest.lock\" > /dev/null\nif [ $? != 0 ] ; then\n    # print error to STDERR\n    echo \"error: The sandbox is not in sync with the Podfile.lock. Run 'pod install' or update your CocoaPods installation.\" >&2\n    exit 1\nfi\n# This output is used by Xcode 'outputs' to avoid re-running this script phase.\necho \"SUCCESS\" > \"${SCRIPT_OUTPUT_FILE_0}\"\n";
			showEnvVarsInLog = 0;
		};
		C5A15AA4CD3856F3ED7D3583 /* [CP] Embed Pods Frameworks */ = {
			isa = PBXShellScriptBuildPhase;
			buildActionMask = 2147483647;
			files = (
			);
			inputFileListPaths = (
				"${PODS_ROOT}/Target Support Files/Pods-MovieAppSwiftUI/Pods-MovieAppSwiftUI-frameworks-${CONFIGURATION}-input-files.xcfilelist",
			);
			name = "[CP] Embed Pods Frameworks";
			outputFileListPaths = (
				"${PODS_ROOT}/Target Support Files/Pods-MovieAppSwiftUI/Pods-MovieAppSwiftUI-frameworks-${CONFIGURATION}-output-files.xcfilelist",
			);
			runOnlyForDeploymentPostprocessing = 0;
			shellPath = /bin/sh;
			shellScript = "\"${PODS_ROOT}/Target Support Files/Pods-MovieAppSwiftUI/Pods-MovieAppSwiftUI-frameworks.sh\"\n";
			showEnvVarsInLog = 0;
		};
		E9F0DE423090188428C9433F /* [CP] Embed Pods Frameworks */ = {
			isa = PBXShellScriptBuildPhase;
			buildActionMask = 2147483647;
			files = (
			);
			inputFileListPaths = (
				"${PODS_ROOT}/Target Support Files/Pods-MovieAppSwiftUI-MovieAppSwiftUIUITests/Pods-MovieAppSwiftUI-MovieAppSwiftUIUITests-frameworks-${CONFIGURATION}-input-files.xcfilelist",
			);
			name = "[CP] Embed Pods Frameworks";
			outputFileListPaths = (
				"${PODS_ROOT}/Target Support Files/Pods-MovieAppSwiftUI-MovieAppSwiftUIUITests/Pods-MovieAppSwiftUI-MovieAppSwiftUIUITests-frameworks-${CONFIGURATION}-output-files.xcfilelist",
			);
			runOnlyForDeploymentPostprocessing = 0;
			shellPath = /bin/sh;
			shellScript = "\"${PODS_ROOT}/Target Support Files/Pods-MovieAppSwiftUI-MovieAppSwiftUIUITests/Pods-MovieAppSwiftUI-MovieAppSwiftUIUITests-frameworks.sh\"\n";
			showEnvVarsInLog = 0;
		};
		F50D6AFB51C92BAFCFB25C50 /* [CP] Check Pods Manifest.lock */ = {
			isa = PBXShellScriptBuildPhase;
			buildActionMask = 2147483647;
			files = (
			);
			inputFileListPaths = (
			);
			inputPaths = (
				"${PODS_PODFILE_DIR_PATH}/Podfile.lock",
				"${PODS_ROOT}/Manifest.lock",
			);
			name = "[CP] Check Pods Manifest.lock";
			outputFileListPaths = (
			);
			outputPaths = (
				"$(DERIVED_FILE_DIR)/Pods-MovieAppSwiftUI-MovieAppSwiftUIUITests-checkManifestLockResult.txt",
			);
			runOnlyForDeploymentPostprocessing = 0;
			shellPath = /bin/sh;
			shellScript = "diff \"${PODS_PODFILE_DIR_PATH}/Podfile.lock\" \"${PODS_ROOT}/Manifest.lock\" > /dev/null\nif [ $? != 0 ] ; then\n    # print error to STDERR\n    echo \"error: The sandbox is not in sync with the Podfile.lock. Run 'pod install' or update your CocoaPods installation.\" >&2\n    exit 1\nfi\n# This output is used by Xcode 'outputs' to avoid re-running this script phase.\necho \"SUCCESS\" > \"${SCRIPT_OUTPUT_FILE_0}\"\n";
			showEnvVarsInLog = 0;
		};
		F781F24BA51A413EEFFD897A /* [CP] Check Pods Manifest.lock */ = {
			isa = PBXShellScriptBuildPhase;
			buildActionMask = 2147483647;
			files = (
			);
			inputFileListPaths = (
			);
			inputPaths = (
				"${PODS_PODFILE_DIR_PATH}/Podfile.lock",
				"${PODS_ROOT}/Manifest.lock",
			);
			name = "[CP] Check Pods Manifest.lock";
			outputFileListPaths = (
			);
			outputPaths = (
				"$(DERIVED_FILE_DIR)/Pods-MovieAppSwiftUI-checkManifestLockResult.txt",
			);
			runOnlyForDeploymentPostprocessing = 0;
			shellPath = /bin/sh;
			shellScript = "diff \"${PODS_PODFILE_DIR_PATH}/Podfile.lock\" \"${PODS_ROOT}/Manifest.lock\" > /dev/null\nif [ $? != 0 ] ; then\n    # print error to STDERR\n    echo \"error: The sandbox is not in sync with the Podfile.lock. Run 'pod install' or update your CocoaPods installation.\" >&2\n    exit 1\nfi\n# This output is used by Xcode 'outputs' to avoid re-running this script phase.\necho \"SUCCESS\" > \"${SCRIPT_OUTPUT_FILE_0}\"\n";
			showEnvVarsInLog = 0;
		};
/* End PBXShellScriptBuildPhase section */

/* Begin PBXSourcesBuildPhase section */
		9D0FC6F3290731560024C9D6 /* Sources */ = {
			isa = PBXSourcesBuildPhase;
			buildActionMask = 2147483647;
			files = (
				9D8D2125290825390073E573 /* DataError.swift in Sources */,
				9D8D211D29081C370073E573 /* MovieAPI.swift in Sources */,
				9D0FC6FD290731560024C9D6 /* MovieView.swift in Sources */,
				9D24C952290AB5EB0094EAAB /* MovieCardView.swift in Sources */,
				9D0FC6FB290731560024C9D6 /* MovieAppSwiftUIApp.swift in Sources */,
				9D24C950290AA3550094EAAB /* Constants.swift in Sources */,
				9D24C954290ACBCB0094EAAB /* MovieDetailsView.swift in Sources */,
				9DA60DB5290EA9DF00BCE740 /* MovieRating.swift in Sources */,
				9D8D2120290824820073E573 /* MovieViewModel.swift in Sources */,
				9D8D2123290825310073E573 /* Movie.swift in Sources */,
			);
			runOnlyForDeploymentPostprocessing = 0;
		};
		9D0FC703290731570024C9D6 /* Sources */ = {
			isa = PBXSourcesBuildPhase;
			buildActionMask = 2147483647;
			files = (
				9D0FC70C290731570024C9D6 /* MovieAppSwiftUITests.swift in Sources */,
			);
			runOnlyForDeploymentPostprocessing = 0;
		};
		9D0FC70D290731570024C9D6 /* Sources */ = {
			isa = PBXSourcesBuildPhase;
			buildActionMask = 2147483647;
			files = (
				9D0FC716290731570024C9D6 /* MovieAppSwiftUIUITests.swift in Sources */,
				9D0FC718290731570024C9D6 /* MovieAppSwiftUIUITestsLaunchTests.swift in Sources */,
			);
			runOnlyForDeploymentPostprocessing = 0;
		};
/* End PBXSourcesBuildPhase section */

/* Begin PBXTargetDependency section */
		9D0FC709290731570024C9D6 /* PBXTargetDependency */ = {
			isa = PBXTargetDependency;
			target = 9D0FC6F6290731560024C9D6 /* MovieAppSwiftUI */;
			targetProxy = 9D0FC708290731570024C9D6 /* PBXContainerItemProxy */;
		};
		9D0FC713290731570024C9D6 /* PBXTargetDependency */ = {
			isa = PBXTargetDependency;
			target = 9D0FC6F6290731560024C9D6 /* MovieAppSwiftUI */;
			targetProxy = 9D0FC712290731570024C9D6 /* PBXContainerItemProxy */;
		};
/* End PBXTargetDependency section */

/* Begin XCBuildConfiguration section */
		9D0FC719290731570024C9D6 /* Debug */ = {
			isa = XCBuildConfiguration;
			buildSettings = {
				ALWAYS_SEARCH_USER_PATHS = NO;
				CLANG_ANALYZER_NONNULL = YES;
				CLANG_ANALYZER_NUMBER_OBJECT_CONVERSION = YES_AGGRESSIVE;
				CLANG_CXX_LANGUAGE_STANDARD = "gnu++20";
				CLANG_ENABLE_MODULES = YES;
				CLANG_ENABLE_OBJC_ARC = YES;
				CLANG_ENABLE_OBJC_WEAK = YES;
				CLANG_WARN_BLOCK_CAPTURE_AUTORELEASING = YES;
				CLANG_WARN_BOOL_CONVERSION = YES;
				CLANG_WARN_COMMA = YES;
				CLANG_WARN_CONSTANT_CONVERSION = YES;
				CLANG_WARN_DEPRECATED_OBJC_IMPLEMENTATIONS = YES;
				CLANG_WARN_DIRECT_OBJC_ISA_USAGE = YES_ERROR;
				CLANG_WARN_DOCUMENTATION_COMMENTS = YES;
				CLANG_WARN_EMPTY_BODY = YES;
				CLANG_WARN_ENUM_CONVERSION = YES;
				CLANG_WARN_INFINITE_RECURSION = YES;
				CLANG_WARN_INT_CONVERSION = YES;
				CLANG_WARN_NON_LITERAL_NULL_CONVERSION = YES;
				CLANG_WARN_OBJC_IMPLICIT_RETAIN_SELF = YES;
				CLANG_WARN_OBJC_LITERAL_CONVERSION = YES;
				CLANG_WARN_OBJC_ROOT_CLASS = YES_ERROR;
				CLANG_WARN_QUOTED_INCLUDE_IN_FRAMEWORK_HEADER = YES;
				CLANG_WARN_RANGE_LOOP_ANALYSIS = YES;
				CLANG_WARN_STRICT_PROTOTYPES = YES;
				CLANG_WARN_SUSPICIOUS_MOVE = YES;
				CLANG_WARN_UNGUARDED_AVAILABILITY = YES_AGGRESSIVE;
				CLANG_WARN_UNREACHABLE_CODE = YES;
				CLANG_WARN__DUPLICATE_METHOD_MATCH = YES;
				COPY_PHASE_STRIP = NO;
				DEBUG_INFORMATION_FORMAT = dwarf;
				ENABLE_STRICT_OBJC_MSGSEND = YES;
				ENABLE_TESTABILITY = YES;
				GCC_C_LANGUAGE_STANDARD = gnu11;
				GCC_DYNAMIC_NO_PIC = NO;
				GCC_NO_COMMON_BLOCKS = YES;
				GCC_OPTIMIZATION_LEVEL = 0;
				GCC_PREPROCESSOR_DEFINITIONS = (
					"DEBUG=1",
					"$(inherited)",
				);
				GCC_WARN_64_TO_32_BIT_CONVERSION = YES;
				GCC_WARN_ABOUT_RETURN_TYPE = YES_ERROR;
				GCC_WARN_UNDECLARED_SELECTOR = YES;
				GCC_WARN_UNINITIALIZED_AUTOS = YES_AGGRESSIVE;
				GCC_WARN_UNUSED_FUNCTION = YES;
				GCC_WARN_UNUSED_VARIABLE = YES;
				IPHONEOS_DEPLOYMENT_TARGET = 16.0;
				MTL_ENABLE_DEBUG_INFO = INCLUDE_SOURCE;
				MTL_FAST_MATH = YES;
				ONLY_ACTIVE_ARCH = YES;
				SDKROOT = iphoneos;
				SWIFT_ACTIVE_COMPILATION_CONDITIONS = DEBUG;
				SWIFT_OPTIMIZATION_LEVEL = "-Onone";
			};
			name = Debug;
		};
		9D0FC71A290731570024C9D6 /* Release */ = {
			isa = XCBuildConfiguration;
			buildSettings = {
				ALWAYS_SEARCH_USER_PATHS = NO;
				CLANG_ANALYZER_NONNULL = YES;
				CLANG_ANALYZER_NUMBER_OBJECT_CONVERSION = YES_AGGRESSIVE;
				CLANG_CXX_LANGUAGE_STANDARD = "gnu++20";
				CLANG_ENABLE_MODULES = YES;
				CLANG_ENABLE_OBJC_ARC = YES;
				CLANG_ENABLE_OBJC_WEAK = YES;
				CLANG_WARN_BLOCK_CAPTURE_AUTORELEASING = YES;
				CLANG_WARN_BOOL_CONVERSION = YES;
				CLANG_WARN_COMMA = YES;
				CLANG_WARN_CONSTANT_CONVERSION = YES;
				CLANG_WARN_DEPRECATED_OBJC_IMPLEMENTATIONS = YES;
				CLANG_WARN_DIRECT_OBJC_ISA_USAGE = YES_ERROR;
				CLANG_WARN_DOCUMENTATION_COMMENTS = YES;
				CLANG_WARN_EMPTY_BODY = YES;
				CLANG_WARN_ENUM_CONVERSION = YES;
				CLANG_WARN_INFINITE_RECURSION = YES;
				CLANG_WARN_INT_CONVERSION = YES;
				CLANG_WARN_NON_LITERAL_NULL_CONVERSION = YES;
				CLANG_WARN_OBJC_IMPLICIT_RETAIN_SELF = YES;
				CLANG_WARN_OBJC_LITERAL_CONVERSION = YES;
				CLANG_WARN_OBJC_ROOT_CLASS = YES_ERROR;
				CLANG_WARN_QUOTED_INCLUDE_IN_FRAMEWORK_HEADER = YES;
				CLANG_WARN_RANGE_LOOP_ANALYSIS = YES;
				CLANG_WARN_STRICT_PROTOTYPES = YES;
				CLANG_WARN_SUSPICIOUS_MOVE = YES;
				CLANG_WARN_UNGUARDED_AVAILABILITY = YES_AGGRESSIVE;
				CLANG_WARN_UNREACHABLE_CODE = YES;
				CLANG_WARN__DUPLICATE_METHOD_MATCH = YES;
				COPY_PHASE_STRIP = NO;
				DEBUG_INFORMATION_FORMAT = "dwarf-with-dsym";
				ENABLE_NS_ASSERTIONS = NO;
				ENABLE_STRICT_OBJC_MSGSEND = YES;
				GCC_C_LANGUAGE_STANDARD = gnu11;
				GCC_NO_COMMON_BLOCKS = YES;
				GCC_WARN_64_TO_32_BIT_CONVERSION = YES;
				GCC_WARN_ABOUT_RETURN_TYPE = YES_ERROR;
				GCC_WARN_UNDECLARED_SELECTOR = YES;
				GCC_WARN_UNINITIALIZED_AUTOS = YES_AGGRESSIVE;
				GCC_WARN_UNUSED_FUNCTION = YES;
				GCC_WARN_UNUSED_VARIABLE = YES;
				IPHONEOS_DEPLOYMENT_TARGET = 16.0;
				MTL_ENABLE_DEBUG_INFO = NO;
				MTL_FAST_MATH = YES;
				SDKROOT = iphoneos;
				SWIFT_COMPILATION_MODE = wholemodule;
				SWIFT_OPTIMIZATION_LEVEL = "-O";
				VALIDATE_PRODUCT = YES;
			};
			name = Release;
		};
		9D0FC71C290731570024C9D6 /* Debug */ = {
			isa = XCBuildConfiguration;
			baseConfigurationReference = F1174194398B7B7DAC796822 /* Pods-MovieAppSwiftUI.debug.xcconfig */;
			buildSettings = {
				ASSETCATALOG_COMPILER_APPICON_NAME = AppIcon;
				ASSETCATALOG_COMPILER_GLOBAL_ACCENT_COLOR_NAME = AccentColor;
				CODE_SIGN_STYLE = Automatic;
				CURRENT_PROJECT_VERSION = 1;
				DEVELOPMENT_ASSET_PATHS = "\"MovieAppSwiftUI/Preview Content\"";
				ENABLE_PREVIEWS = YES;
				GENERATE_INFOPLIST_FILE = YES;
				INFOPLIST_KEY_UIApplicationSceneManifest_Generation = YES;
				INFOPLIST_KEY_UIApplicationSupportsIndirectInputEvents = YES;
				INFOPLIST_KEY_UILaunchScreen_Generation = YES;
				INFOPLIST_KEY_UISupportedInterfaceOrientations_iPad = "UIInterfaceOrientationPortrait UIInterfaceOrientationPortraitUpsideDown UIInterfaceOrientationLandscapeLeft UIInterfaceOrientationLandscapeRight";
				INFOPLIST_KEY_UISupportedInterfaceOrientations_iPhone = "UIInterfaceOrientationPortrait UIInterfaceOrientationLandscapeLeft UIInterfaceOrientationLandscapeRight";
				IPHONEOS_DEPLOYMENT_TARGET = 16.0;
				LD_RUNPATH_SEARCH_PATHS = (
					"$(inherited)",
					"@executable_path/Frameworks",
				);
				MARKETING_VERSION = 1.0;
				PRODUCT_BUNDLE_IDENTIFIER = NezihDemoApps.MovieAppSwiftUI;
				PRODUCT_NAME = "$(TARGET_NAME)";
				SWIFT_EMIT_LOC_STRINGS = YES;
				SWIFT_VERSION = 5.0;
				TARGETED_DEVICE_FAMILY = "1,2";
			};
			name = Debug;
		};
		9D0FC71D290731570024C9D6 /* Release */ = {
			isa = XCBuildConfiguration;
			baseConfigurationReference = 01C4B08DDF126A464E7CCC7D /* Pods-MovieAppSwiftUI.release.xcconfig */;
			buildSettings = {
				ASSETCATALOG_COMPILER_APPICON_NAME = AppIcon;
				ASSETCATALOG_COMPILER_GLOBAL_ACCENT_COLOR_NAME = AccentColor;
				CODE_SIGN_STYLE = Automatic;
				CURRENT_PROJECT_VERSION = 1;
				DEVELOPMENT_ASSET_PATHS = "\"MovieAppSwiftUI/Preview Content\"";
				ENABLE_PREVIEWS = YES;
				GENERATE_INFOPLIST_FILE = YES;
				INFOPLIST_KEY_UIApplicationSceneManifest_Generation = YES;
				INFOPLIST_KEY_UIApplicationSupportsIndirectInputEvents = YES;
				INFOPLIST_KEY_UILaunchScreen_Generation = YES;
				INFOPLIST_KEY_UISupportedInterfaceOrientations_iPad = "UIInterfaceOrientationPortrait UIInterfaceOrientationPortraitUpsideDown UIInterfaceOrientationLandscapeLeft UIInterfaceOrientationLandscapeRight";
				INFOPLIST_KEY_UISupportedInterfaceOrientations_iPhone = "UIInterfaceOrientationPortrait UIInterfaceOrientationLandscapeLeft UIInterfaceOrientationLandscapeRight";
				IPHONEOS_DEPLOYMENT_TARGET = 16.0;
				LD_RUNPATH_SEARCH_PATHS = (
					"$(inherited)",
					"@executable_path/Frameworks",
				);
				MARKETING_VERSION = 1.0;
				PRODUCT_BUNDLE_IDENTIFIER = NezihDemoApps.MovieAppSwiftUI;
				PRODUCT_NAME = "$(TARGET_NAME)";
				SWIFT_EMIT_LOC_STRINGS = YES;
				SWIFT_VERSION = 5.0;
				TARGETED_DEVICE_FAMILY = "1,2";
			};
			name = Release;
		};
		9D0FC71F290731570024C9D6 /* Debug */ = {
			isa = XCBuildConfiguration;
			baseConfigurationReference = D854A2C27A86BBC121A2BF9A /* Pods-MovieAppSwiftUITests.debug.xcconfig */;
			buildSettings = {
				ALWAYS_EMBED_SWIFT_STANDARD_LIBRARIES = YES;
				BUNDLE_LOADER = "$(TEST_HOST)";
				CODE_SIGN_STYLE = Automatic;
				CURRENT_PROJECT_VERSION = 1;
				GENERATE_INFOPLIST_FILE = YES;
				IPHONEOS_DEPLOYMENT_TARGET = 16.0;
				MARKETING_VERSION = 1.0;
				PRODUCT_BUNDLE_IDENTIFIER = NezihDemoApps.MovieAppSwiftUITests;
				PRODUCT_NAME = "$(TARGET_NAME)";
				SWIFT_EMIT_LOC_STRINGS = NO;
				SWIFT_VERSION = 5.0;
				TARGETED_DEVICE_FAMILY = "1,2";
				TEST_HOST = "$(BUILT_PRODUCTS_DIR)/MovieAppSwiftUI.app/$(BUNDLE_EXECUTABLE_FOLDER_PATH)/MovieAppSwiftUI";
			};
			name = Debug;
		};
		9D0FC720290731570024C9D6 /* Release */ = {
			isa = XCBuildConfiguration;
			baseConfigurationReference = FE5C0393B00B79F619C23E25 /* Pods-MovieAppSwiftUITests.release.xcconfig */;
			buildSettings = {
				ALWAYS_EMBED_SWIFT_STANDARD_LIBRARIES = YES;
				BUNDLE_LOADER = "$(TEST_HOST)";
				CODE_SIGN_STYLE = Automatic;
				CURRENT_PROJECT_VERSION = 1;
				GENERATE_INFOPLIST_FILE = YES;
				IPHONEOS_DEPLOYMENT_TARGET = 16.0;
				MARKETING_VERSION = 1.0;
				PRODUCT_BUNDLE_IDENTIFIER = NezihDemoApps.MovieAppSwiftUITests;
				PRODUCT_NAME = "$(TARGET_NAME)";
				SWIFT_EMIT_LOC_STRINGS = NO;
				SWIFT_VERSION = 5.0;
				TARGETED_DEVICE_FAMILY = "1,2";
				TEST_HOST = "$(BUILT_PRODUCTS_DIR)/MovieAppSwiftUI.app/$(BUNDLE_EXECUTABLE_FOLDER_PATH)/MovieAppSwiftUI";
			};
			name = Release;
		};
		9D0FC722290731570024C9D6 /* Debug */ = {
			isa = XCBuildConfiguration;
			baseConfigurationReference = EDA2479F2C852F4F372D7D71 /* Pods-MovieAppSwiftUI-MovieAppSwiftUIUITests.debug.xcconfig */;
			buildSettings = {
				ALWAYS_EMBED_SWIFT_STANDARD_LIBRARIES = YES;
				CODE_SIGN_STYLE = Automatic;
				CURRENT_PROJECT_VERSION = 1;
				GENERATE_INFOPLIST_FILE = YES;
				IPHONEOS_DEPLOYMENT_TARGET = 16.0;
				MARKETING_VERSION = 1.0;
				PRODUCT_BUNDLE_IDENTIFIER = NezihDemoApps.MovieAppSwiftUIUITests;
				PRODUCT_NAME = "$(TARGET_NAME)";
				SWIFT_EMIT_LOC_STRINGS = NO;
				SWIFT_VERSION = 5.0;
				TARGETED_DEVICE_FAMILY = "1,2";
				TEST_TARGET_NAME = MovieAppSwiftUI;
			};
			name = Debug;
		};
		9D0FC723290731570024C9D6 /* Release */ = {
			isa = XCBuildConfiguration;
			baseConfigurationReference = 30CA04B0E244744E6F51CED2 /* Pods-MovieAppSwiftUI-MovieAppSwiftUIUITests.release.xcconfig */;
			buildSettings = {
				ALWAYS_EMBED_SWIFT_STANDARD_LIBRARIES = YES;
				CODE_SIGN_STYLE = Automatic;
				CURRENT_PROJECT_VERSION = 1;
				GENERATE_INFOPLIST_FILE = YES;
				IPHONEOS_DEPLOYMENT_TARGET = 16.0;
				MARKETING_VERSION = 1.0;
				PRODUCT_BUNDLE_IDENTIFIER = NezihDemoApps.MovieAppSwiftUIUITests;
				PRODUCT_NAME = "$(TARGET_NAME)";
				SWIFT_EMIT_LOC_STRINGS = NO;
				SWIFT_VERSION = 5.0;
				TARGETED_DEVICE_FAMILY = "1,2";
				TEST_TARGET_NAME = MovieAppSwiftUI;
			};
			name = Release;
		};
/* End XCBuildConfiguration section */

/* Begin XCConfigurationList section */
		9D0FC6F2290731560024C9D6 /* Build configuration list for PBXProject "MovieAppSwiftUI" */ = {
			isa = XCConfigurationList;
			buildConfigurations = (
				9D0FC719290731570024C9D6 /* Debug */,
				9D0FC71A290731570024C9D6 /* Release */,
			);
			defaultConfigurationIsVisible = 0;
			defaultConfigurationName = Release;
		};
		9D0FC71B290731570024C9D6 /* Build configuration list for PBXNativeTarget "MovieAppSwiftUI" */ = {
			isa = XCConfigurationList;
			buildConfigurations = (
				9D0FC71C290731570024C9D6 /* Debug */,
				9D0FC71D290731570024C9D6 /* Release */,
			);
			defaultConfigurationIsVisible = 0;
			defaultConfigurationName = Release;
		};
		9D0FC71E290731570024C9D6 /* Build configuration list for PBXNativeTarget "MovieAppSwiftUITests" */ = {
			isa = XCConfigurationList;
			buildConfigurations = (
				9D0FC71F290731570024C9D6 /* Debug */,
				9D0FC720290731570024C9D6 /* Release */,
			);
			defaultConfigurationIsVisible = 0;
			defaultConfigurationName = Release;
		};
		9D0FC721290731570024C9D6 /* Build configuration list for PBXNativeTarget "MovieAppSwiftUIUITests" */ = {
			isa = XCConfigurationList;
			buildConfigurations = (
				9D0FC722290731570024C9D6 /* Debug */,
				9D0FC723290731570024C9D6 /* Release */,
			);
			defaultConfigurationIsVisible = 0;
			defaultConfigurationName = Release;
		};
/* End XCConfigurationList section */
	};
	rootObject = 9D0FC6EF290731560024C9D6 /* Project object */;
}
